
Microsoft Visual Studio Solution File, Format Version 12.00
# Visual Studio 14
VisualStudioVersion = 14.0.23107.0
MinimumVisualStudioVersion = 10.0.40219.1
Project("{FAE04EC0-301F-11D3-BF4B-00C04F79EFBC}") = "ProjectEuler.Lib", "ProjectEuler.Lib\ProjectEuler.Lib.csproj", "{7245703D-12E0-4180-9409-75DB9D94EF90}"
EndProject
Project("{FAE04EC0-301F-11D3-BF4B-00C04F79EFBC}") = "ProjectEuler.Console", "ProjectEuler.Console\ProjectEuler.Console.csproj", "{2927A5B6-2E4C-4152-A86A-AC056D2725D4}"
EndProject
Project("{FAE04EC0-301F-11D3-BF4B-00C04F79EFBC}") = "ProjectEuler.Test", "ProjectEuler.Test\ProjectEuler.Test.csproj", "{DB677E9D-AD11-4AD3-B1BF-EAE880A0A8D2}"
EndProject
Global
	GlobalSection(SolutionConfigurationPlatforms) = preSolution
		Debug|Any CPU = Debug|Any CPU
		Release|Any CPU = Release|Any CPU
	EndGlobalSection
	GlobalSection(ProjectConfigurationPlatforms) = postSolution
		{7245703D-12E0-4180-9409-75DB9D94EF90}.Debug|Any CPU.ActiveCfg = Debug|Any CPU
		{7245703D-12E0-4180-9409-75DB9D94EF90}.Debug|Any CPU.Build.0 = Debug|Any CPU
		{7245703D-12E0-4180-9409-75DB9D94EF90}.Release|Any CPU.ActiveCfg = Release|Any CPU
		{7245703D-12E0-4180-9409-75DB9D94EF90}.Release|Any CPU.Build.0 = Release|Any CPU
		{2927A5B6-2E4C-4152-A86A-AC056D2725D4}.Debug|Any CPU.ActiveCfg = Debug|Any CPU
		{2927A5B6-2E4C-4152-A86A-AC056D2725D4}.Debug|Any CPU.Build.0 = Debug|Any CPU
		{2927A5B6-2E4C-4152-A86A-AC056D2725D4}.Release|Any CPU.ActiveCfg = Release|Any CPU
		{2927A5B6-2E4C-4152-A86A-AC056D2725D4}.Release|Any CPU.Build.0 = Release|Any CPU
		{DB677E9D-AD11-4AD3-B1BF-EAE880A0A8D2}.Debug|Any CPU.ActiveCfg = Debug|Any CPU
		{DB677E9D-AD11-4AD3-B1BF-EAE880A0A8D2}.Debug|Any CPU.Build.0 = Debug|Any CPU
		{DB677E9D-AD11-4AD3-B1BF-EAE880A0A8D2}.Release|Any CPU.ActiveCfg = Release|Any CPU
		{DB677E9D-AD11-4AD3-B1BF-EAE880A0A8D2}.Release|Any CPU.Build.0 = Release|Any CPU
	EndGlobalSection
	GlobalSection(SolutionProperties) = preSolution
		HideSolutionNode = FALSE
	EndGlobalSection
EndGlobal
